
Microsoft Visual Studio Solution File, Format Version 11.00
# Visual Studio 2010
Project("{FAE04EC0-301F-11D3-BF4B-00C04F79EFBC}") = "NinjaAttack", "NinjaAttack\NinjaAttack\NinjaAttack.csproj", "{3ECE5107-B33D-40F0-9B69-B4B3D5B2ED75}"
EndProject
Project("{FAE04EC0-301F-11D3-BF4B-00C04F79EFBC}") = "NinjaAttackContent", "NinjaAttack\NinjaAttackContent\NinjaAttackContent.contentproj", "{8ADE1042-75D0-408C-BBA1-E795D94DAAAF}"
EndProject
Global
	GlobalSection(SolutionConfigurationPlatforms) = preSolution
		Debug|x86 = Debug|x86
		Release|x86 = Release|x86
	EndGlobalSection
	GlobalSection(ProjectConfigurationPlatforms) = postSolution
		{3ECE5107-B33D-40F0-9B69-B4B3D5B2ED75}.Debug|x86.ActiveCfg = Debug|x86
		{3ECE5107-B33D-40F0-9B69-B4B3D5B2ED75}.Debug|x86.Build.0 = Debug|x86
		{3ECE5107-B33D-40F0-9B69-B4B3D5B2ED75}.Release|x86.ActiveCfg = Release|x86
		{3ECE5107-B33D-40F0-9B69-B4B3D5B2ED75}.Release|x86.Build.0 = Release|x86
		{8ADE1042-75D0-408C-BBA1-E795D94DAAAF}.Debug|x86.ActiveCfg = Debug|x86
		{8ADE1042-75D0-408C-BBA1-E795D94DAAAF}.Release|x86.ActiveCfg = Release|x86
	EndGlobalSection
	GlobalSection(SolutionProperties) = preSolution
		HideSolutionNode = FALSE
	EndGlobalSection
EndGlobal
